
Microsoft Visual Studio Solution File, Format Version 12.00
# Visual Studio Version 16
VisualStudioVersion = 16.0.31112.23
MinimumVisualStudioVersion = 10.0.40219.1
Project("{FAE04EC0-301F-11D3-BF4B-00C04F79EFBC}") = "AmazonAsinTrackerApi", "AmazonAsinTrackerApi\AmazonAsinTrackerApi.csproj", "{029957A3-24B2-41D8-AC17-768618574A7E}"
EndProject
Global
	GlobalSection(SolutionConfigurationPlatforms) = preSolution
		Debug|Any CPU = Debug|Any CPU
		Release|Any CPU = Release|Any CPU
	EndGlobalSection
	GlobalSection(ProjectConfigurationPlatforms) = postSolution
		{029957A3-24B2-41D8-AC17-768618574A7E}.Debug|Any CPU.ActiveCfg = Debug|Any CPU
		{029957A3-24B2-41D8-AC17-768618574A7E}.Debug|Any CPU.Build.0 = Debug|Any CPU
		{029957A3-24B2-41D8-AC17-768618574A7E}.Release|Any CPU.ActiveCfg = Release|Any CPU
		{029957A3-24B2-41D8-AC17-768618574A7E}.Release|Any CPU.Build.0 = Release|Any CPU
	EndGlobalSection
	GlobalSection(SolutionProperties) = preSolution
		HideSolutionNode = FALSE
	EndGlobalSection
	GlobalSection(ExtensibilityGlobals) = postSolution
		SolutionGuid = {B7D7F419-5558-43FC-B2C3-9FC51BCB0EDF}
	EndGlobalSection
EndGlobal
