
Microsoft Visual Studio Solution File, Format Version 12.00
# Visual Studio Version 16
VisualStudioVersion = 16.0.31112.23
MinimumVisualStudioVersion = 10.0.40219.1
Project("{FAE04EC0-301F-11D3-BF4B-00C04F79EFBC}") = "AmazonAsinTrackerApi", "AmazonAsinTrackerApi\AmazonAsinTrackerApi.csproj", "{029957A3-24B2-41D8-AC17-768618574A7E}"
EndProject
Project("{FAE04EC0-301F-11D3-BF4B-00C04F79EFBC}") = "AmazonAsinTrackerCron", "AmazonAsinTrackerCron\AmazonAsinTrackerCron.csproj", "{EE30A1A4-259E-4278-B34A-AEA58F61C91D}"
EndProject
Project("{FAE04EC0-301F-11D3-BF4B-00C04F79EFBC}") = "AmazonAsinTracker.Application", "AmazonAsinTracker.Application\AmazonAsinTracker.Application.csproj", "{305388DB-C1A3-4E14-9F52-2D107375C4EB}"
EndProject
Project("{FAE04EC0-301F-11D3-BF4B-00C04F79EFBC}") = "AmazonAsinTracker.Domain", "AmazonAsinTracker.Domain\AmazonAsinTracker.Domain.csproj", "{7267D84D-9ED7-484B-A0ED-9DF7B593E70D}"
EndProject
Project("{FAE04EC0-301F-11D3-BF4B-00C04F79EFBC}") = "AmazonAsinTracker.Infrastructure", "AmazonAsinTracker.Infrastructure\AmazonAsinTracker.Infrastructure.csproj", "{8A342A78-AF6C-48EB-A259-410986E791FF}"
EndProject
Project("{FAE04EC0-301F-11D3-BF4B-00C04F79EFBC}") = "AmazonAsinTracker.Application.Tests", "AmazonAsinTracker.ApplicationTests\AmazonAsinTracker.Application.Tests.csproj", "{0EB7D8F9-A321-4BD9-930D-B6BC3E3DED88}"
EndProject
Project("{2150E333-8FDC-42A3-9474-1A3956D46DE8}") = "Tests", "Tests", "{8DB81EC6-464A-4F04-A707-8F8BE3A6A23E}"
EndProject
Global
	GlobalSection(SolutionConfigurationPlatforms) = preSolution
		Debug|Any CPU = Debug|Any CPU
		Release|Any CPU = Release|Any CPU
	EndGlobalSection
	GlobalSection(ProjectConfigurationPlatforms) = postSolution
		{029957A3-24B2-41D8-AC17-768618574A7E}.Debug|Any CPU.ActiveCfg = Debug|Any CPU
		{029957A3-24B2-41D8-AC17-768618574A7E}.Debug|Any CPU.Build.0 = Debug|Any CPU
		{029957A3-24B2-41D8-AC17-768618574A7E}.Release|Any CPU.ActiveCfg = Release|Any CPU
		{029957A3-24B2-41D8-AC17-768618574A7E}.Release|Any CPU.Build.0 = Release|Any CPU
		{EE30A1A4-259E-4278-B34A-AEA58F61C91D}.Debug|Any CPU.ActiveCfg = Debug|Any CPU
		{EE30A1A4-259E-4278-B34A-AEA58F61C91D}.Debug|Any CPU.Build.0 = Debug|Any CPU
		{EE30A1A4-259E-4278-B34A-AEA58F61C91D}.Release|Any CPU.ActiveCfg = Release|Any CPU
		{EE30A1A4-259E-4278-B34A-AEA58F61C91D}.Release|Any CPU.Build.0 = Release|Any CPU
		{305388DB-C1A3-4E14-9F52-2D107375C4EB}.Debug|Any CPU.ActiveCfg = Debug|Any CPU
		{305388DB-C1A3-4E14-9F52-2D107375C4EB}.Debug|Any CPU.Build.0 = Debug|Any CPU
		{305388DB-C1A3-4E14-9F52-2D107375C4EB}.Release|Any CPU.ActiveCfg = Release|Any CPU
		{305388DB-C1A3-4E14-9F52-2D107375C4EB}.Release|Any CPU.Build.0 = Release|Any CPU
		{7267D84D-9ED7-484B-A0ED-9DF7B593E70D}.Debug|Any CPU.ActiveCfg = Debug|Any CPU
		{7267D84D-9ED7-484B-A0ED-9DF7B593E70D}.Debug|Any CPU.Build.0 = Debug|Any CPU
		{7267D84D-9ED7-484B-A0ED-9DF7B593E70D}.Release|Any CPU.ActiveCfg = Release|Any CPU
		{7267D84D-9ED7-484B-A0ED-9DF7B593E70D}.Release|Any CPU.Build.0 = Release|Any CPU
		{8A342A78-AF6C-48EB-A259-410986E791FF}.Debug|Any CPU.ActiveCfg = Debug|Any CPU
		{8A342A78-AF6C-48EB-A259-410986E791FF}.Debug|Any CPU.Build.0 = Debug|Any CPU
		{8A342A78-AF6C-48EB-A259-410986E791FF}.Release|Any CPU.ActiveCfg = Release|Any CPU
		{8A342A78-AF6C-48EB-A259-410986E791FF}.Release|Any CPU.Build.0 = Release|Any CPU
		{0EB7D8F9-A321-4BD9-930D-B6BC3E3DED88}.Debug|Any CPU.ActiveCfg = Debug|Any CPU
		{0EB7D8F9-A321-4BD9-930D-B6BC3E3DED88}.Debug|Any CPU.Build.0 = Debug|Any CPU
		{0EB7D8F9-A321-4BD9-930D-B6BC3E3DED88}.Release|Any CPU.ActiveCfg = Release|Any CPU
		{0EB7D8F9-A321-4BD9-930D-B6BC3E3DED88}.Release|Any CPU.Build.0 = Release|Any CPU
	EndGlobalSection
	GlobalSection(SolutionProperties) = preSolution
		HideSolutionNode = FALSE
	EndGlobalSection
	GlobalSection(NestedProjects) = preSolution
		{0EB7D8F9-A321-4BD9-930D-B6BC3E3DED88} = {8DB81EC6-464A-4F04-A707-8F8BE3A6A23E}
	EndGlobalSection
	GlobalSection(ExtensibilityGlobals) = postSolution
		SolutionGuid = {B7D7F419-5558-43FC-B2C3-9FC51BCB0EDF}
	EndGlobalSection
EndGlobal
